// !$*UTF8*$!
{
	archiveVersion = 1;
	classes = {
	};
	objectVersion = 46;
	objects = {

/* Begin PBXBuildFile section */
		9A9D4DB91BB8487600D58618 /* main.m in Sources */ = {isa = PBXBuildFile; fileRef = 9A9D4DB81BB8487600D58618 /* main.m */; };
		9A9D4DBC1BB8487600D58618 /* AppDelegate.m in Sources */ = {isa = PBXBuildFile; fileRef = 9A9D4DBB1BB8487600D58618 /* AppDelegate.m */; };
		9A9D4DBF1BB8487600D58618 /* ViewController.m in Sources */ = {isa = PBXBuildFile; fileRef = 9A9D4DBE1BB8487600D58618 /* ViewController.m */; };
		9A9D4DC21BB8487600D58618 /* Main.storyboard in Resources */ = {isa = PBXBuildFile; fileRef = 9A9D4DC01BB8487600D58618 /* Main.storyboard */; };
		9A9D4DC41BB8487600D58618 /* Assets.xcassets in Resources */ = {isa = PBXBuildFile; fileRef = 9A9D4DC31BB8487600D58618 /* Assets.xcassets */; };
		9A9D4DC71BB8487600D58618 /* LaunchScreen.storyboard in Resources */ = {isa = PBXBuildFile; fileRef = 9A9D4DC51BB8487600D58618 /* LaunchScreen.storyboard */; };
		9A9D4DD21BB8487600D58618 /* BitsTestTests.m in Sources */ = {isa = PBXBuildFile; fileRef = 9A9D4DD11BB8487600D58618 /* BitsTestTests.m */; };
		9A9D4DDD1BB8487600D58618 /* BitsTestUITests.m in Sources */ = {isa = PBXBuildFile; fileRef = 9A9D4DDC1BB8487600D58618 /* BitsTestUITests.m */; };
		9A9D4DEC1BB848B300D58618 /* Student.m in Sources */ = {isa = PBXBuildFile; fileRef = 9A9D4DEB1BB848B300D58618 /* Student.m */; settings = {ASSET_TAGS = (); }; };
/* End PBXBuildFile section */

/* Begin PBXContainerItemProxy section */
		9A9D4DCE1BB8487600D58618 /* PBXContainerItemProxy */ = {
			isa = PBXContainerItemProxy;
			containerPortal = 9A9D4DAC1BB8487600D58618 /* Project object */;
			proxyType = 1;
			remoteGlobalIDString = 9A9D4DB31BB8487600D58618;
			remoteInfo = BitsTest;
		};
		9A9D4DD91BB8487600D58618 /* PBXContainerItemProxy */ = {
			isa = PBXContainerItemProxy;
			containerPortal = 9A9D4DAC1BB8487600D58618 /* Project object */;
			proxyType = 1;
			remoteGlobalIDString = 9A9D4DB31BB8487600D58618;
			remoteInfo = BitsTest;
		};
/* End PBXContainerItemProxy section */

/* Begin PBXFileReference section */
		9A9D4DB41BB8487600D58618 /* BitsTest.app */ = {isa = PBXFileReference; explicitFileType = wrapper.application; includeInIndex = 0; path = BitsTest.app; sourceTree = BUILT_PRODUCTS_DIR; };
		9A9D4DB81BB8487600D58618 /* main.m */ = {isa = PBXFileReference; lastKnownFileType = sourcecode.c.objc; path = main.m; sourceTree = "<group>"; };
		9A9D4DBA1BB8487600D58618 /* AppDelegate.h */ = {isa = PBXFileReference; lastKnownFileType = sourcecode.c.h; path = AppDelegate.h; sourceTree = "<group>"; };
		9A9D4DBB1BB8487600D58618 /* AppDelegate.m */ = {isa = PBXFileReference; lastKnownFileType = sourcecode.c.objc; path = AppDelegate.m; sourceTree = "<group>"; };
		9A9D4DBD1BB8487600D58618 /* ViewController.h */ = {isa = PBXFileReference; lastKnownFileType = sourcecode.c.h; path = ViewController.h; sourceTree = "<group>"; };
		9A9D4DBE1BB8487600D58618 /* ViewController.m */ = {isa = PBXFileReference; lastKnownFileType = sourcecode.c.objc; path = ViewController.m; sourceTree = "<group>"; };
		9A9D4DC11BB8487600D58618 /* Base */ = {isa = PBXFileReference; lastKnownFileType = file.storyboard; name = Base; path = Base.lproj/Main.storyboard; sourceTree = "<group>"; };
		9A9D4DC31BB8487600D58618 /* Assets.xcassets */ = {isa = PBXFileReference; lastKnownFileType = folder.assetcatalog; path = Assets.xcassets; sourceTree = "<group>"; };
		9A9D4DC61BB8487600D58618 /* Base */ = {isa = PBXFileReference; lastKnownFileType = file.storyboard; name = Base; path = Base.lproj/LaunchScreen.storyboard; sourceTree = "<group>"; };
		9A9D4DC81BB8487600D58618 /* Info.plist */ = {isa = PBXFileReference; lastKnownFileType = text.plist.xml; path = Info.plist; sourceTree = "<group>"; };
		9A9D4DCD1BB8487600D58618 /* BitsTestTests.xctest */ = {isa = PBXFileReference; explicitFileType = wrapper.cfbundle; includeInIndex = 0; path = BitsTestTests.xctest; sourceTree = BUILT_PRODUCTS_DIR; };
		9A9D4DD11BB8487600D58618 /* BitsTestTests.m */ = {isa = PBXFileReference; lastKnownFileType = sourcecode.c.objc; path = BitsTestTests.m; sourceTree = "<group>"; };
		9A9D4DD31BB8487600D58618 /* Info.plist */ = {isa = PBXFileReference; lastKnownFileType = text.plist.xml; path = Info.plist; sourceTree = "<group>"; };
		9A9D4DD81BB8487600D58618 /* BitsTestUITests.xctest */ = {isa = PBXFileReference; explicitFileType = wrapper.cfbundle; includeInIndex = 0; path = BitsTestUITests.xctest; sourceTree = BUILT_PRODUCTS_DIR; };
		9A9D4DDC1BB8487600D58618 /* BitsTestUITests.m */ = {isa = PBXFileReference; lastKnownFileType = sourcecode.c.objc; path = BitsTestUITests.m; sourceTree = "<group>"; };
		9A9D4DDE1BB8487600D58618 /* Info.plist */ = {isa = PBXFileReference; lastKnownFileType = text.plist.xml; path = Info.plist; sourceTree = "<group>"; };
		9A9D4DEA1BB848B300D58618 /* Student.h */ = {isa = PBXFileReference; fileEncoding = 4; lastKnownFileType = sourcecode.c.h; path = Student.h; sourceTree = "<group>"; };
		9A9D4DEB1BB848B300D58618 /* Student.m */ = {isa = PBXFileReference; fileEncoding = 4; lastKnownFileType = sourcecode.c.objc; path = Student.m; sourceTree = "<group>"; };
/* End PBXFileReference section */

/* Begin PBXFrameworksBuildPhase section */
		9A9D4DB11BB8487600D58618 /* Frameworks */ = {
			isa = PBXFrameworksBuildPhase;
			buildActionMask = 2147483647;
			files = (
			);
			runOnlyForDeploymentPostprocessing = 0;
		};
		9A9D4DCA1BB8487600D58618 /* Frameworks */ = {
			isa = PBXFrameworksBuildPhase;
			buildActionMask = 2147483647;
			files = (
			);
			runOnlyForDeploymentPostprocessing = 0;
		};
		9A9D4DD51BB8487600D58618 /* Frameworks */ = {
			isa = PBXFrameworksBuildPhase;
			buildActionMask = 2147483647;
			files = (
			);
			runOnlyForDeploymentPostprocessing = 0;
		};
/* End PBXFrameworksBuildPhase section */

/* Begin PBXGroup section */
		9A9D4DAB1BB8487600D58618 = {
			isa = PBXGroup;
			children = (
				9A9D4DB61BB8487600D58618 /* BitsTest */,
				9A9D4DD01BB8487600D58618 /* BitsTestTests */,
				9A9D4DDB1BB8487600D58618 /* BitsTestUITests */,
				9A9D4DB51BB8487600D58618 /* Products */,
			);
			sourceTree = "<group>";
		};
		9A9D4DB51BB8487600D58618 /* Products */ = {
			isa = PBXGroup;
			children = (
				9A9D4DB41BB8487600D58618 /* BitsTest.app */,
				9A9D4DCD1BB8487600D58618 /* BitsTestTests.xctest */,
				9A9D4DD81BB8487600D58618 /* BitsTestUITests.xctest */,
			);
			name = Products;
			sourceTree = "<group>";
		};
		9A9D4DB61BB8487600D58618 /* BitsTest */ = {
			isa = PBXGroup;
			children = (
				9A9D4DEA1BB848B300D58618 /* Student.h */,
				9A9D4DEB1BB848B300D58618 /* Student.m */,
				9A9D4DBA1BB8487600D58618 /* AppDelegate.h */,
				9A9D4DBB1BB8487600D58618 /* AppDelegate.m */,
				9A9D4DBD1BB8487600D58618 /* ViewController.h */,
				9A9D4DBE1BB8487600D58618 /* ViewController.m */,
				9A9D4DC01BB8487600D58618 /* Main.storyboard */,
				9A9D4DC31BB8487600D58618 /* Assets.xcassets */,
				9A9D4DC51BB8487600D58618 /* LaunchScreen.storyboard */,
				9A9D4DC81BB8487600D58618 /* Info.plist */,
				9A9D4DB71BB8487600D58618 /* Supporting Files */,
			);
			path = BitsTest;
			sourceTree = "<group>";
		};
		9A9D4DB71BB8487600D58618 /* Supporting Files */ = {
			isa = PBXGroup;
			children = (
				9A9D4DB81BB8487600D58618 /* main.m */,
			);
			name = "Supporting Files";
			sourceTree = "<group>";
		};
		9A9D4DD01BB8487600D58618 /* BitsTestTests */ = {
			isa = PBXGroup;
			children = (
				9A9D4DD11BB8487600D58618 /* BitsTestTests.m */,
				9A9D4DD31BB8487600D58618 /* Info.plist */,
			);
			path = BitsTestTests;
			sourceTree = "<group>";
		};
		9A9D4DDB1BB8487600D58618 /* BitsTestUITests */ = {
			isa = PBXGroup;
			children = (
				9A9D4DDC1BB8487600D58618 /* BitsTestUITests.m */,
				9A9D4DDE1BB8487600D58618 /* Info.plist */,
			);
			path = BitsTestUITests;
			sourceTree = "<group>";
		};
/* End PBXGroup section */

/* Begin PBXNativeTarget section */
		9A9D4DB31BB8487600D58618 /* BitsTest */ = {
			isa = PBXNativeTarget;
			buildConfigurationList = 9A9D4DE11BB8487600D58618 /* Build configuration list for PBXNativeTarget "BitsTest" */;
			buildPhases = (
				9A9D4DB01BB8487600D58618 /* Sources */,
				9A9D4DB11BB8487600D58618 /* Frameworks */,
				9A9D4DB21BB8487600D58618 /* Resources */,
			);
			buildRules = (
			);
			dependencies = (
			);
			name = BitsTest;
			productName = BitsTest;
			productReference = 9A9D4DB41BB8487600D58618 /* BitsTest.app */;
			productType = "com.apple.product-type.application";
		};
		9A9D4DCC1BB8487600D58618 /* BitsTestTests */ = {
			isa = PBXNativeTarget;
			buildConfigurationList = 9A9D4DE41BB8487600D58618 /* Build configuration list for PBXNativeTarget "BitsTestTests" */;
			buildPhases = (
				9A9D4DC91BB8487600D58618 /* Sources */,
				9A9D4DCA1BB8487600D58618 /* Frameworks */,
				9A9D4DCB1BB8487600D58618 /* Resources */,
			);
			buildRules = (
			);
			dependencies = (
				9A9D4DCF1BB8487600D58618 /* PBXTargetDependency */,
			);
			name = BitsTestTests;
			productName = BitsTestTests;
			productReference = 9A9D4DCD1BB8487600D58618 /* BitsTestTests.xctest */;
			productType = "com.apple.product-type.bundle.unit-test";
		};
		9A9D4DD71BB8487600D58618 /* BitsTestUITests */ = {
			isa = PBXNativeTarget;
			buildConfigurationList = 9A9D4DE71BB8487600D58618 /* Build configuration list for PBXNativeTarget "BitsTestUITests" */;
			buildPhases = (
				9A9D4DD41BB8487600D58618 /* Sources */,
				9A9D4DD51BB8487600D58618 /* Frameworks */,
				9A9D4DD61BB8487600D58618 /* Resources */,
			);
			buildRules = (
			);
			dependencies = (
				9A9D4DDA1BB8487600D58618 /* PBXTargetDependency */,
			);
			name = BitsTestUITests;
			productName = BitsTestUITests;
			productReference = 9A9D4DD81BB8487600D58618 /* BitsTestUITests.xctest */;
			productType = "com.apple.product-type.bundle.ui-testing";
		};
/* End PBXNativeTarget section */

/* Begin PBXProject section */
		9A9D4DAC1BB8487600D58618 /* Project object */ = {
			isa = PBXProject;
			attributes = {
				LastUpgradeCheck = 0700;
				ORGANIZATIONNAME = "Nikolay Berlioz";
				TargetAttributes = {
					9A9D4DB31BB8487600D58618 = {
						CreatedOnToolsVersion = 7.0;
					};
					9A9D4DCC1BB8487600D58618 = {
						CreatedOnToolsVersion = 7.0;
						TestTargetID = 9A9D4DB31BB8487600D58618;
					};
					9A9D4DD71BB8487600D58618 = {
						CreatedOnToolsVersion = 7.0;
						TestTargetID = 9A9D4DB31BB8487600D58618;
					};
				};
			};
			buildConfigurationList = 9A9D4DAF1BB8487600D58618 /* Build configuration list for PBXProject "BitsTest" */;
			compatibilityVersion = "Xcode 3.2";
			developmentRegion = English;
			hasScannedForEncodings = 0;
			knownRegions = (
				en,
				Base,
			);
			mainGroup = 9A9D4DAB1BB8487600D58618;
			productRefGroup = 9A9D4DB51BB8487600D58618 /* Products */;
			projectDirPath = "";
			projectRoot = "";
			targets = (
				9A9D4DB31BB8487600D58618 /* BitsTest */,
				9A9D4DCC1BB8487600D58618 /* BitsTestTests */,
				9A9D4DD71BB8487600D58618 /* BitsTestUITests */,
			);
		};
/* End PBXProject section */

/* Begin PBXResourcesBuildPhase section */
		9A9D4DB21BB8487600D58618 /* Resources */ = {
			isa = PBXResourcesBuildPhase;
			buildActionMask = 2147483647;
			files = (
				9A9D4DC71BB8487600D58618 /* LaunchScreen.storyboard in Resources */,
				9A9D4DC41BB8487600D58618 /* Assets.xcassets in Resources */,
				9A9D4DC21BB8487600D58618 /* Main.storyboard in Resources */,
			);
			runOnlyForDeploymentPostprocessing = 0;
		};
		9A9D4DCB1BB8487600D58618 /* Resources */ = {
			isa = PBXResourcesBuildPhase;
			buildActionMask = 2147483647;
			files = (
			);
			runOnlyForDeploymentPostprocessing = 0;
		};
		9A9D4DD61BB8487600D58618 /* Resources */ = {
			isa = PBXResourcesBuildPhase;
			buildActionMask = 2147483647;
			files = (
			);
			runOnlyForDeploymentPostprocessing = 0;
		};
/* End PBXResourcesBuildPhase section */

/* Begin PBXSourcesBuildPhase section */
		9A9D4DB01BB8487600D58618 /* Sources */ = {
			isa = PBXSourcesBuildPhase;
			buildActionMask = 2147483647;
			files = (
				9A9D4DBF1BB8487600D58618 /* ViewController.m in Sources */,
				9A9D4DBC1BB8487600D58618 /* AppDelegate.m in Sources */,
				9A9D4DB91BB8487600D58618 /* main.m in Sources */,
				9A9D4DEC1BB848B300D58618 /* Student.m in Sources */,
			);
			runOnlyForDeploymentPostprocessing = 0;
		};
		9A9D4DC91BB8487600D58618 /* Sources */ = {
			isa = PBXSourcesBuildPhase;
			buildActionMask = 2147483647;
			files = (
				9A9D4DD21BB8487600D58618 /* BitsTestTests.m in Sources */,
			);
			runOnlyForDeploymentPostprocessing = 0;
		};
		9A9D4DD41BB8487600D58618 /* Sources */ = {
			isa = PBXSourcesBuildPhase;
			buildActionMask = 2147483647;
			files = (
				9A9D4DDD1BB8487600D58618 /* BitsTestUITests.m in Sources */,
			);
			runOnlyForDeploymentPostprocessing = 0;
		};
/* End PBXSourcesBuildPhase section */

/* Begin PBXTargetDependency section */
		9A9D4DCF1BB8487600D58618 /* PBXTargetDependency */ = {
			isa = PBXTargetDependency;
			target = 9A9D4DB31BB8487600D58618 /* BitsTest */;
			targetProxy = 9A9D4DCE1BB8487600D58618 /* PBXContainerItemProxy */;
		};
		9A9D4DDA1BB8487600D58618 /* PBXTargetDependency */ = {
			isa = PBXTargetDependency;
			target = 9A9D4DB31BB8487600D58618 /* BitsTest */;
			targetProxy = 9A9D4DD91BB8487600D58618 /* PBXContainerItemProxy */;
		};
/* End PBXTargetDependency section */

/* Begin PBXVariantGroup section */
		9A9D4DC01BB8487600D58618 /* Main.storyboard */ = {
			isa = PBXVariantGroup;
			children = (
				9A9D4DC11BB8487600D58618 /* Base */,
			);
			name = Main.storyboard;
			sourceTree = "<group>";
		};
		9A9D4DC51BB8487600D58618 /* LaunchScreen.storyboard */ = {
			isa = PBXVariantGroup;
			children = (
				9A9D4DC61BB8487600D58618 /* Base */,
			);
			name = LaunchScreen.storyboard;
			sourceTree = "<group>";
		};
/* End PBXVariantGroup section */

/* Begin XCBuildConfiguration section */
		9A9D4DDF1BB8487600D58618 /* Debug */ = {
			isa = XCBuildConfiguration;
			buildSettings = {
				ALWAYS_SEARCH_USER_PATHS = NO;
				CLANG_CXX_LANGUAGE_STANDARD = "gnu++0x";
				CLANG_CXX_LIBRARY = "libc++";
				CLANG_ENABLE_MODULES = YES;
				CLANG_ENABLE_OBJC_ARC = YES;
				CLANG_WARN_BOOL_CONVERSION = YES;
				CLANG_WARN_CONSTANT_CONVERSION = YES;
				CLANG_WARN_DIRECT_OBJC_ISA_USAGE = YES_ERROR;
				CLANG_WARN_EMPTY_BODY = YES;
				CLANG_WARN_ENUM_CONVERSION = YES;
				CLANG_WARN_INT_CONVERSION = YES;
				CLANG_WARN_OBJC_ROOT_CLASS = YES_ERROR;
				CLANG_WARN_UNREACHABLE_CODE = YES;
				CLANG_WARN__DUPLICATE_METHOD_MATCH = YES;
				"CODE_SIGN_IDENTITY[sdk=iphoneos*]" = "iPhone Developer";
				COPY_PHASE_STRIP = NO;
				DEBUG_INFORMATION_FORMAT = dwarf;
				ENABLE_STRICT_OBJC_MSGSEND = YES;
				ENABLE_TESTABILITY = YES;
				GCC_C_LANGUAGE_STANDARD = gnu99;
				GCC_DYNAMIC_NO_PIC = NO;
				GCC_NO_COMMON_BLOCKS = YES;
				GCC_OPTIMIZATION_LEVEL = 0;
				GCC_PREPROCESSOR_DEFINITIONS = (
					"DEBUG=1",
					"$(inherited)",
				);
				GCC_WARN_64_TO_32_BIT_CONVERSION = YES;
				GCC_WARN_ABOUT_RETURN_TYPE = YES_ERROR;
				GCC_WARN_UNDECLARED_SELECTOR = YES;
				GCC_WARN_UNINITIALIZED_AUTOS = YES_AGGRESSIVE;
				GCC_WARN_UNUSED_FUNCTION = YES;
				GCC_WARN_UNUSED_VARIABLE = YES;
				IPHONEOS_DEPLOYMENT_TARGET = 9.0;
				MTL_ENABLE_DEBUG_INFO = YES;
				ONLY_ACTIVE_ARCH = YES;
				SDKROOT = iphoneos;
				TARGETED_DEVICE_FAMILY = "1,2";
			};
			name = Debug;
		};
		9A9D4DE01BB8487600D58618 /* Release */ = {
			isa = XCBuildConfiguration;
			buildSettings = {
				ALWAYS_SEARCH_USER_PATHS = NO;
				CLANG_CXX_LANGUAGE_STANDARD = "gnu++0x";
				CLANG_CXX_LIBRARY = "libc++";
				CLANG_ENABLE_MODULES = YES;
				CLANG_ENABLE_OBJC_ARC = YES;
				CLANG_WARN_BOOL_CONVERSION = YES;
				CLANG_WARN_CONSTANT_CONVERSION = YES;
				CLANG_WARN_DIRECT_OBJC_ISA_USAGE = YES_ERROR;
				CLANG_WARN_EMPTY_BODY = YES;
				CLANG_WARN_ENUM_CONVERSION = YES;
				CLANG_WARN_INT_CONVERSION = YES;
				CLANG_WARN_OBJC_ROOT_CLASS = YES_ERROR;
				CLANG_WARN_UNREACHABLE_CODE = YES;
				CLANG_WARN__DUPLICATE_METHOD_MATCH = YES;
				"CODE_SIGN_IDENTITY[sdk=iphoneos*]" = "iPhone Developer";
				COPY_PHASE_STRIP = NO;
				DEBUG_INFORMATION_FORMAT = "dwarf-with-dsym";
				ENABLE_NS_ASSERTIONS = NO;
				ENABLE_STRICT_OBJC_MSGSEND = YES;
				GCC_C_LANGUAGE_STANDARD = gnu99;
				GCC_NO_COMMON_BLOCKS = YES;
				GCC_WARN_64_TO_32_BIT_CONVERSION = YES;
				GCC_WARN_ABOUT_RETURN_TYPE = YES_ERROR;
				GCC_WARN_UNDECLARED_SELECTOR = YES;
				GCC_WARN_UNINITIALIZED_AUTOS = YES_AGGRESSIVE;
				GCC_WARN_UNUSED_FUNCTION = YES;
				GCC_WARN_UNUSED_VARIABLE = YES;
				IPHONEOS_DEPLOYMENT_TARGET = 9.0;
				MTL_ENABLE_DEBUG_INFO = NO;
				SDKROOT = iphoneos;
				TARGETED_DEVICE_FAMILY = "1,2";
				VALIDATE_PRODUCT = YES;
			};
			name = Release;
		};
		9A9D4DE21BB8487600D58618 /* Debug */ = {
			isa = XCBuildConfiguration;
			buildSettings = {
				ASSETCATALOG_COMPILER_APPICON_NAME = AppIcon;
				INFOPLIST_FILE = BitsTest/Info.plist;
				LD_RUNPATH_SEARCH_PATHS = "$(inherited) @executable_path/Frameworks";
				PRODUCT_BUNDLE_IDENTIFIER = "Devil-Academy.BitsTest";
				PRODUCT_NAME = "$(TARGET_NAME)";
			};
			name = Debug;
		};
		9A9D4DE31BB8487600D58618 /* Release */ = {
			isa = XCBuildConfiguration;
			buildSettings = {
				ASSETCATALOG_COMPILER_APPICON_NAME = AppIcon;
				INFOPLIST_FILE = BitsTest/Info.plist;
				LD_RUNPATH_SEARCH_PATHS = "$(inherited) @executable_path/Frameworks";
				PRODUCT_BUNDLE_IDENTIFIER = "Devil-Academy.BitsTest";
				PRODUCT_NAME = "$(TARGET_NAME)";
			};
			name = Release;
		};
		9A9D4DE51BB8487600D58618 /* Debug */ = {
			isa = XCBuildConfiguration;
			buildSettings = {
				BUNDLE_LOADER = "$(TEST_HOST)";
				INFOPLIST_FILE = BitsTestTests/Info.plist;
				LD_RUNPATH_SEARCH_PATHS = "$(inherited) @executable_path/Frameworks @loader_path/Frameworks";
				PRODUCT_BUNDLE_IDENTIFIER = "Devil-Academy.BitsTestTests";
				PRODUCT_NAME = "$(TARGET_NAME)";
				TEST_HOST = "$(BUILT_PRODUCTS_DIR)/BitsTest.app/BitsTest";
			};
			name = Debug;
		};
		9A9D4DE61BB8487600D58618 /* Release */ = {
			isa = XCBuildConfiguration;
			buildSettings = {
				BUNDLE_LOADER = "$(TEST_HOST)";
				INFOPLIST_FILE = BitsTestTests/Info.plist;
				LD_RUNPATH_SEARCH_PATHS = "$(inherited) @executable_path/Frameworks @loader_path/Frameworks";
				PRODUCT_BUNDLE_IDENTIFIER = "Devil-Academy.BitsTestTests";
				PRODUCT_NAME = "$(TARGET_NAME)";
				TEST_HOST = "$(BUILT_PRODUCTS_DIR)/BitsTest.app/BitsTest";
			};
			name = Release;
		};
		9A9D4DE81BB8487600D58618 /* Debug */ = {
			isa = XCBuildConfiguration;
			buildSettings = {
				INFOPLIST_FILE = BitsTestUITests/Info.plist;
				LD_RUNPATH_SEARCH_PATHS = "$(inherited) @executable_path/Frameworks @loader_path/Frameworks";
				PRODUCT_BUNDLE_IDENTIFIER = "Devil-Academy.BitsTestUITests";
				PRODUCT_NAME = "$(TARGET_NAME)";
				TEST_TARGET_NAME = BitsTest;
				USES_XCTRUNNER = YES;
			};
			name = Debug;
		};
		9A9D4DE91BB8487600D58618 /* Release */ = {
			isa = XCBuildConfiguration;
			buildSettings = {
				INFOPLIST_FILE = BitsTestUITests/Info.plist;
				LD_RUNPATH_SEARCH_PATHS = "$(inherited) @executable_path/Frameworks @loader_path/Frameworks";
				PRODUCT_BUNDLE_IDENTIFIER = "Devil-Academy.BitsTestUITests";
				PRODUCT_NAME = "$(TARGET_NAME)";
				TEST_TARGET_NAME = BitsTest;
				USES_XCTRUNNER = YES;
			};
			name = Release;
		};
/* End XCBuildConfiguration section */

/* Begin XCConfigurationList section */
		9A9D4DAF1BB8487600D58618 /* Build configuration list for PBXProject "BitsTest" */ = {
			isa = XCConfigurationList;
			buildConfigurations = (
				9A9D4DDF1BB8487600D58618 /* Debug */,
				9A9D4DE01BB8487600D58618 /* Release */,
			);
			defaultConfigurationIsVisible = 0;
			defaultConfigurationName = Release;
		};
		9A9D4DE11BB8487600D58618 /* Build configuration list for PBXNativeTarget "BitsTest" */ = {
			isa = XCConfigurationList;
			buildConfigurations = (
				9A9D4DE21BB8487600D58618 /* Debug */,
				9A9D4DE31BB8487600D58618 /* Release */,
			);
			defaultConfigurationIsVisible = 0;
		};
		9A9D4DE41BB8487600D58618 /* Build configuration list for PBXNativeTarget "BitsTestTests" */ = {
			isa = XCConfigurationList;
			buildConfigurations = (
				9A9D4DE51BB8487600D58618 /* Debug */,
				9A9D4DE61BB8487600D58618 /* Release */,
			);
			defaultConfigurationIsVisible = 0;
		};
		9A9D4DE71BB8487600D58618 /* Build configuration list for PBXNativeTarget "BitsTestUITests" */ = {
			isa = XCConfigurationList;
			buildConfigurations = (
				9A9D4DE81BB8487600D58618 /* Debug */,
				9A9D4DE91BB8487600D58618 /* Release */,
			);
			defaultConfigurationIsVisible = 0;
		};
/* End XCConfigurationList section */
	};
	rootObject = 9A9D4DAC1BB8487600D58618 /* Project object */;
}
